<?xml version="1.0" encoding="utf-8"?>
<Project ToolsVersion="4.0" xmlns:atg="http://atg.xbox.com" xmlns="http://schemas.microsoft.com/developer/msbuild/2003">
  <ItemGroup>
    <Filter Include="Assets">
      <UniqueIdentifier>{ed0b04a6-fecd-4a2c-a462-59a8f4639f36}</UniqueIdentifier>
    </Filter>
    <Filter Include="Resource Files">
      <UniqueIdentifier>{8e114980-c1a3-4ada-ad7c-83caadf5daeb}</UniqueIdentifier>
      <Extensions>rc;ico;cur;bmp;dlg;rc2;rct;bin;rgs;gif;jpg;jpeg;jpe</Extensions>
    </Filter>
    <Filter Include="Assets\modelData">
      <UniqueIdentifier>{06086914-6aa4-4cad-9b07-6f9d357f04df}</UniqueIdentifier>
    </Filter>
    <Filter Include="Assets\sprite">
      <UniqueIdentifier>{a6ce300a-b532-440d-b914-b4661d3015ad}</UniqueIdentifier>
    </Filter>
    <Filter Include="Assets\shader">
      <UniqueIdentifier>{a961ab0f-689c-4adf-940a-ffea33655653}</UniqueIdentifier>
    </Filter>
    <Filter Include="Assets\font">
      <UniqueIdentifier>{9ce24419-5cae-4de8-84f5-336ce6bdb0e1}</UniqueIdentifier>
    </Filter>
    <Filter Include="Assets\animData">
      <UniqueIdentifier>{8febfab2-0b65-4b9f-b760-6ce9f75f8996}</UniqueIdentifier>
    </Filter>
    <Filter Include="Assets\effect">
      <UniqueIdentifier>{1c857c33-6d78-4b5b-816e-7ceb45a3e389}</UniqueIdentifier>
    </Filter>
    <Filter Include="Assets\effect\Texture">
      <UniqueIdentifier>{8b31e80d-a444-4ef6-a616-be60a9d00e35}</UniqueIdentifier>
    </Filter>
    <Filter Include="Assets\lever">
      <UniqueIdentifier>{a763d8cf-c3c1-484f-9b4a-6edd2f8c0ce1}</UniqueIdentifier>
    </Filter>
    <Filter Include="Assets\effect\mqo">
      <UniqueIdentifier>{b4ed4d7b-ba29-4c2f-a922-534ffd162735}</UniqueIdentifier>
    </Filter>
  </ItemGroup>
  <ItemGroup>
    <ClCompile Include="main.cpp" />
    <ClCompile Include="stdafx.cpp" />
    <ClCompile Include="Game.cpp" />
    <ClCompile Include="Taitor.cpp" />
    <ClCompile Include="Fade.cpp" />
    <ClCompile Include="Human.cpp" />
    <ClCompile Include="Player.cpp" />
    <ClCompile Include="AI.cpp" />
    <ClCompile Include="Stage.cpp" />
    <ClCompile Include="camera.cpp" />
    <ClCompile Include="taieki.cpp" />
    <ClCompile Include="AImove.cpp" />
    <ClCompile Include="Level.cpp" />
    <ClCompile Include="MapChip.cpp" />
    <ClCompile Include="tekihei.cpp" />
    <ClCompile Include="kanren.cpp" />
    <ClCompile Include="keiroK.cpp" />
    <ClCompile Include="Pasu.cpp" />
    <ClCompile Include="Geizi.cpp" />
    <ClCompile Include="item.cpp" />
    <ClCompile Include="GameEnd.cpp" />
    <ClCompile Include="Osu.cpp" />
    <ClCompile Include="Mes.cpp" />
    <ClCompile Include="Dog.cpp" />
    <ClCompile Include="car.cpp" />
  </ItemGroup>
  <ItemGroup>
    <ClInclude Include="stdafx.h" />
    <ClInclude Include="Game.h" />
    <ClInclude Include="Taitor.h" />
    <ClInclude Include="Fade.h" />
    <ClInclude Include="Human.h" />
    <ClInclude Include="Player.h" />
    <ClInclude Include="AI.h" />
    <ClInclude Include="Stage.h" />
    <ClInclude Include="camera.h" />
    <ClInclude Include="taieki.h" />
    <ClInclude Include="AImove.h" />
    <ClInclude Include="Level.h" />
    <ClInclude Include="MapChip.h" />
    <ClInclude Include="tekihei.h" />
    <ClInclude Include="kanren.h" />
    <ClInclude Include="keiroK.h" />
    <ClInclude Include="Pasu.h" />
    <ClInclude Include="Geizi.h" />
    <ClInclude Include="item.h" />
    <ClInclude Include="GameEnd.h" />
    <ClInclude Include="Osu.h" />
    <ClInclude Include="Mes.h" />
    <ClInclude Include="Dog.h" />
    <ClInclude Include="car.h" />
  </ItemGroup>
  <ItemGroup>
    <MeshContentTask Include="Assets\modelData\unityChan.fbx">
      <Filter>Assets\modelData</Filter>
    </MeshContentTask>
    <MeshContentTask Include="Assets\modelData\stage.FBX">
      <Filter>Assets\modelData</Filter>
    </MeshContentTask>
    <MeshContentTask Include="Assets\modelData\taieki.FBX">
      <Filter>Assets\modelData</Filter>
    </MeshContentTask>
    <MeshContentTask Include="Assets\modelData\stage1.FBX">
      <Filter>Assets\modelData</Filter>
    </MeshContentTask>
    <MeshContentTask Include="Assets\modelData\hantei.FBX">
      <Filter>Assets\modelData</Filter>
    </MeshContentTask>
    <MeshContentTask Include="Assets\modelData\item.FBX" />
    <MeshContentTask Include="Assets\modelData\stage0.FBX">
      <Filter>Assets\modelData</Filter>
    </MeshContentTask>
    <MeshContentTask Include="Assets\modelData\Props_Fence.FBX">
      <Filter>Assets\modelData</Filter>
    </MeshContentTask>
    <MeshContentTask Include="Assets\modelData\Props_Traffic Control Barrier Fence.FBX">
      <Filter>Assets\modelData</Filter>
    </MeshContentTask>
    <MeshContentTask Include="Assets\modelData\sora.FBX">
      <Filter>Assets\modelData</Filter>
    </MeshContentTask>
    <MeshContentTask Include="Assets\modelData\Building_Pizza.FBX">
      <Filter>Assets\modelData</Filter>
    </MeshContentTask>
    <MeshContentTask Include="Assets\modelData\Building_Super Market.FBX">
      <Filter>Assets\modelData</Filter>
    </MeshContentTask>
    <MeshContentTask Include="Assets\modelData\Building Sky_big_color1.FBX">
      <Filter>Assets\modelData</Filter>
    </MeshContentTask>
    <MeshContentTask Include="Assets\modelData\Building Sky_big_color2.FBX">
      <Filter>Assets\modelData</Filter>
    </MeshContentTask>
    <MeshContentTask Include="Assets\modelData\Building Sky_big_color3.FBX">
      <Filter>Assets\modelData</Filter>
    </MeshContentTask>
    <MeshContentTask Include="Assets\modelData\Building Sky_small_color1.FBX">
      <Filter>Assets\modelData</Filter>
    </MeshContentTask>
    <MeshContentTask Include="Assets\modelData\Building Sky_small_color2.FBX">
      <Filter>Assets\modelData</Filter>
    </MeshContentTask>
    <MeshContentTask Include="Assets\modelData\Building Sky_small_color3.FBX">
      <Filter>Assets\modelData</Filter>
    </MeshContentTask>
    <MeshContentTask Include="Assets\modelData\Building_Auto Service.FBX">
      <Filter>Assets\modelData</Filter>
    </MeshContentTask>
    <MeshContentTask Include="Assets\modelData\Building_Bar.FBX">
      <Filter>Assets\modelData</Filter>
    </MeshContentTask>
    <MeshContentTask Include="Assets\modelData\Building_Clothing.FBX">
      <Filter>Assets\modelData</Filter>
    </MeshContentTask>
    <MeshContentTask Include="Assets\modelData\Building_Coffee Shop.FBX">
      <Filter>Assets\modelData</Filter>
    </MeshContentTask>
    <MeshContentTask Include="Assets\modelData\Building_Fruits  Shop.FBX">
      <Filter>Assets\modelData</Filter>
    </MeshContentTask>
    <MeshContentTask Include="Assets\modelData\Building_Gas Station.FBX">
      <Filter>Assets\modelData</Filter>
    </MeshContentTask>
    <MeshContentTask Include="Assets\modelData\Building_House_01_color1.FBX">
      <Filter>Assets\modelData</Filter>
    </MeshContentTask>
    <MeshContentTask Include="Assets\modelData\Building_House_01_color2.FBX">
      <Filter>Assets\modelData</Filter>
    </MeshContentTask>
    <MeshContentTask Include="Assets\modelData\Building_House_01_color3.FBX">
      <Filter>Assets\modelData</Filter>
    </MeshContentTask>
    <MeshContentTask Include="Assets\modelData\Building_Music Store.FBX">
      <Filter>Assets\modelData</Filter>
    </MeshContentTask>
    <MeshContentTask Include="Assets\modelData\Vehicle_Pick up Truck2.FBX">
      <Filter>Assets\modelData</Filter>
    </MeshContentTask>
    <MeshContentTask Include="Assets\modelData\Vehicle_Pick up Truck3.FBX">
      <Filter>Assets\modelData</Filter>
    </MeshContentTask>
    <MeshContentTask Include="Assets\modelData\Vehicle_SUV1.FBX">
      <Filter>Assets\modelData</Filter>
    </MeshContentTask>
    <MeshContentTask Include="Assets\modelData\Vehicle_SUV2.FBX">
      <Filter>Assets\modelData</Filter>
    </MeshContentTask>
    <MeshContentTask Include="Assets\modelData\Vehicle_SUV3.FBX">
      <Filter>Assets\modelData</Filter>
    </MeshContentTask>
    <MeshContentTask Include="Assets\modelData\Vehicle_Car1.FBX">
      <Filter>Assets\modelData</Filter>
    </MeshContentTask>
    <MeshContentTask Include="Assets\modelData\Vehicle_Car2.FBX">
      <Filter>Assets\modelData</Filter>
    </MeshContentTask>
    <MeshContentTask Include="Assets\modelData\Vehicle_Car3.FBX">
      <Filter>Assets\modelData</Filter>
    </MeshContentTask>
    <MeshContentTask Include="Assets\modelData\Vehicle_Pick up Truck1.FBX">
      <Filter>Assets\modelData</Filter>
    </MeshContentTask>
    <MeshContentTask Include="Assets\modelData\Natures_Big Tree.FBX">
      <Filter>Assets\modelData</Filter>
    </MeshContentTask>
    <MeshContentTask Include="Assets\modelData\Natures_Pot Bush_big.FBX">
      <Filter>Assets\modelData</Filter>
    </MeshContentTask>
    <MeshContentTask Include="Assets\modelData\Props_Bench.FBX">
      <Filter>Assets\modelData</Filter>
    </MeshContentTask>
    <MeshContentTask Include="Assets\modelData\Props_BillBoard_medium.FBX">
      <Filter>Assets\modelData</Filter>
    </MeshContentTask>
    <MeshContentTask Include="Assets\modelData\stage3.FBX">
      <Filter>Assets\modelData</Filter>
    </MeshContentTask>
    <MeshContentTask Include="Assets\modelData\Props_Street Light.FBX">
      <Filter>Assets\modelData</Filter>
    </MeshContentTask>
    <MeshContentTask Include="Assets\modelData\Building_House_02_color01.FBX">
      <Filter>Assets\modelData</Filter>
    </MeshContentTask>
  </ItemGroup>
  <ItemGroup>
    <CustomBuild Include="Assets\shader\tonemap.fx">
      <Filter>Assets\shader</Filter>
    </CustomBuild>
    <CustomBuild Include="Assets\shader\bloom.fx">
      <Filter>Assets\shader</Filter>
    </CustomBuild>
    <CustomBuild Include="Assets\shader\copy.fx">
      <Filter>Assets\shader</Filter>
    </CustomBuild>
    <CustomBuild Include="Assets\shader\fxaa.fx">
      <Filter>Assets\shader</Filter>
    </CustomBuild>
    <CustomBuild Include="Assets\shader\LightCulling.fx">
      <Filter>Assets\shader</Filter>
    </CustomBuild>
    <CustomBuild Include="Assets\shader\model.fx">
      <Filter>Assets\shader</Filter>
    </CustomBuild>
    <CustomBuild Include="Assets\shader\modelCB.h">
      <Filter>Assets\shader</Filter>
    </CustomBuild>
    <CustomBuild Include="Assets\shader\modelSRV.h">
      <Filter>Assets\shader</Filter>
    </CustomBuild>
    <CustomBuild Include="Assets\shader\modelStruct.h">
      <Filter>Assets\shader</Filter>
    </CustomBuild>
    <CustomBuild Include="Assets\shader\sampleBRDF.h">
      <Filter>Assets\shader</Filter>
    </CustomBuild>
    <CustomBuild Include="Assets\shader\sprite.fx">
      <Filter>Assets\shader</Filter>
    </CustomBuild>
    <CustomBuild Include="Assets\shader\LightingFunction.h">
      <Filter>Assets\shader</Filter>
    </CustomBuild>
    <CustomBuild Include="Assets\modelData\unityChan.tks">
      <Filter>Assets\modelData</Filter>
    </CustomBuild>
    <CustomBuild Include="Assets\shader\dithering.fx">
      <Filter>Assets\shader</Filter>
    </CustomBuild>
    <CustomBuild Include="Assets\font\myfile.spritefont">
      <Filter>Assets\font</Filter>
    </CustomBuild>
    <CustomBuild Include="Assets\shader\shadowBlur.fx">
      <Filter>Assets\shader</Filter>
    </CustomBuild>
    <CustomBuild Include="Assets\effect\Texture\Burst01.png">
      <Filter>Assets\effect\Texture</Filter>
    </CustomBuild>
    <CustomBuild Include="Assets\effect\Texture\Cloud01.png">
      <Filter>Assets\effect\Texture</Filter>
    </CustomBuild>
    <CustomBuild Include="Assets\effect\Texture\Flame01.png">
      <Filter>Assets\effect\Texture</Filter>
    </CustomBuild>
    <CustomBuild Include="Assets\effect\Texture\LaserMain01.png">
      <Filter>Assets\effect\Texture</Filter>
    </CustomBuild>
    <CustomBuild Include="Assets\effect\Texture\LaserMain02.png">
      <Filter>Assets\effect\Texture</Filter>
    </CustomBuild>
    <CustomBuild Include="Assets\effect\Texture\Particle01.png">
      <Filter>Assets\effect\Texture</Filter>
    </CustomBuild>
    <CustomBuild Include="Assets\effect\Texture\Particle03.png">
      <Filter>Assets\effect\Texture</Filter>
    </CustomBuild>
    <CustomBuild Include="Assets\effect\Texture\Particle02.png">
      <Filter>Assets\effect\Texture</Filter>
    </CustomBuild>
    <CustomBuild Include="Assets\effect\Texture\Particle04_bokashi_hard.png">
      <Filter>Assets\effect\Texture</Filter>
    </CustomBuild>
    <CustomBuild Include="Assets\effect\Texture\Particle04_bokashi_soft.png">
      <Filter>Assets\effect\Texture</Filter>
    </CustomBuild>
    <CustomBuild Include="Assets\effect\Texture\Particle04_bokashistrong_hard.png">
      <Filter>Assets\effect\Texture</Filter>
    </CustomBuild>
    <CustomBuild Include="Assets\effect\Texture\Particle04_bokashistrong_soft.png">
      <Filter>Assets\effect\Texture</Filter>
    </CustomBuild>
    <CustomBuild Include="Assets\effect\Texture\Particle04_clear_hard.png">
      <Filter>Assets\effect\Texture</Filter>
    </CustomBuild>
    <CustomBuild Include="Assets\effect\Texture\Particle04_clear_soft.png">
      <Filter>Assets\effect\Texture</Filter>
    </CustomBuild>
    <CustomBuild Include="Assets\effect\Texture\Splash01.png">
      <Filter>Assets\effect\Texture</Filter>
    </CustomBuild>
    <CustomBuild Include="Assets\effect\Texture\SwordLine01.png">
      <Filter>Assets\effect\Texture</Filter>
    </CustomBuild>
    <CustomBuild Include="Assets\effect\Texture\Thunder01.png">
      <Filter>Assets\effect\Texture</Filter>
    </CustomBuild>
    <CustomBuild Include="Assets\effect\Texture\Wind01.png">
      <Filter>Assets\effect\Texture</Filter>
    </CustomBuild>
    <CustomBuild Include="Assets\effect\Texture\wind02.png">
      <Filter>Assets\effect\Texture</Filter>
    </CustomBuild>
    <CustomBuild Include="Assets\lever\leval000.tks">
      <Filter>Assets\lever</Filter>
    </CustomBuild>
    <CustomBuild Include="Assets\lever\leval01.tks">
      <Filter>Assets\lever</Filter>
    </CustomBuild>
    <CustomBuild Include="Assets\lever\leval00.tks">
      <Filter>Assets\lever</Filter>
    </CustomBuild>
    <CustomBuild Include="Assets\effect\Texture\aura3_type2.png">
      <Filter>Assets\effect\Texture</Filter>
    </CustomBuild>
    <CustomBuild Include="Assets\effect\Texture\glow.png">
      <Filter>Assets\effect\Texture</Filter>
    </CustomBuild>
    <CustomBuild Include="Assets\effect\Texture\magma.png">
      <Filter>Assets\effect\Texture</Filter>
    </CustomBuild>
    <CustomBuild Include="Assets\effect\mqo\ball2.efkmodel">
      <Filter>Assets\effect\mqo</Filter>
    </CustomBuild>
    <CustomBuild Include="Assets\effect\aura.efk">
      <Filter>Assets\effect</Filter>
    </CustomBuild>
    <CustomBuild Include="Assets\lever\leval002.tks">
      <Filter>Assets\lever</Filter>
    </CustomBuild>
    <CustomBuild Include="Assets\lever\leval001.tks">
      <Filter>Assets\lever</Filter>
    </CustomBuild>
    <CustomBuild Include="Assets\effect\test.efk">
      <Filter>Assets\effect</Filter>
    </CustomBuild>
    <CustomBuild Include="Assets\effect\aura1.efk">
      <Filter>Assets\effect</Filter>
    </CustomBuild>
    <CustomBuild Include="Assets\effect\aura2.efk">
      <Filter>Assets\effect</Filter>
    </CustomBuild>
    <CustomBuild Include="Assets\effect\Texture\sdfs.png">
      <Filter>Assets\effect\Texture</Filter>
    </CustomBuild>
    <CustomBuild Include="Assets\lever\matilevel001.tks">
      <Filter>Assets\lever</Filter>
    </CustomBuild>
    <CustomBuild Include="Assets\lever\levalAI01.tks">
      <Filter>Assets\lever</Filter>
    </CustomBuild>
    <CustomBuild Include="Assets\lever\levalAI02.tks">
      <Filter>Assets\lever</Filter>
    </CustomBuild>
    <CustomBuild Include="Assets\lever\matilevel101.tks">
      <Filter>Assets\lever</Filter>
    </CustomBuild>
    <CustomBuild Include="Assets\lever\matilevel201.tks">
      <Filter>Assets\lever</Filter>
    </CustomBuild>
    <CustomBuild Include="Assets\lever\laitLv001.tks" />
    <CustomBuild Include="Assets\lever\carLv001.tks">
      <Filter>Assets\lever</Filter>
    </CustomBuild>
  </ItemGroup>
  <ItemGroup>
    <Image Include="Assets\modelData\livingbuildings.png">
      <Filter>Assets\modelData</Filter>
    </Image>
    <Image Include="Assets\modelData\worktops007.jpg">
      <Filter>Assets\modelData</Filter>
    </Image>
    <Image Include="Assets\modelData\white.png">
      <Filter>Assets\modelData</Filter>
    </Image>
    <Image Include="Assets\sprite\fade.png">
      <Filter>Assets\sprite</Filter>
    </Image>
    <Image Include="Assets\modelData\ao.png" />
  </ItemGroup>
  <ItemGroup>
    <None Include="Assets\lever\larer_01.tks">
      <Filter>Assets\font</Filter>
    </None>
  </ItemGroup>
  <ItemGroup>
    <ImageContentTask Include="Assets\sprite\ge-ji.png">
      <Filter>Assets\sprite</Filter>
    </ImageContentTask>
    <ImageContentTask Include="Assets\sprite\waku.png">
      <Filter>Assets\sprite</Filter>
    </ImageContentTask>
    <ImageContentTask Include="Assets\sprite\syoujun.png">
      <Filter>Assets\sprite</Filter>
    </ImageContentTask>
    <ImageContentTask Include="Assets\sprite\ka-soru.png" />
    <ImageContentTask Include="Assets\sprite\kajy.png" />
    <ImageContentTask Include="Assets\sprite\yaji.png">
      <Filter>Assets\sprite</Filter>
    </ImageContentTask>
  </ItemGroup>
</Project>